
Microsoft Visual Studio Solution File, Format Version 12.00
# Visual Studio Version 17
VisualStudioVersion = 17.7.34018.315
MinimumVisualStudioVersion = 10.0.40219.1
Project("{FAE04EC0-301F-11D3-BF4B-00C04F79EFBC}") = "inluppg2.2", "inluppg2.2\inluppg2.2.csproj", "{60A2CD33-F5CC-406A-901B-7FCFC0979F2D}"
EndProject
Global
	GlobalSection(SolutionConfigurationPlatforms) = preSolution
		Debug|Any CPU = Debug|Any CPU
		Release|Any CPU = Release|Any CPU
	EndGlobalSection
	GlobalSection(ProjectConfigurationPlatforms) = postSolution
		{60A2CD33-F5CC-406A-901B-7FCFC0979F2D}.Debug|Any CPU.ActiveCfg = Debug|Any CPU
		{60A2CD33-F5CC-406A-901B-7FCFC0979F2D}.Debug|Any CPU.Build.0 = Debug|Any CPU
		{60A2CD33-F5CC-406A-901B-7FCFC0979F2D}.Release|Any CPU.ActiveCfg = Release|Any CPU
		{60A2CD33-F5CC-406A-901B-7FCFC0979F2D}.Release|Any CPU.Build.0 = Release|Any CPU
	EndGlobalSection
	GlobalSection(SolutionProperties) = preSolution
		HideSolutionNode = FALSE
	EndGlobalSection
	GlobalSection(ExtensibilityGlobals) = postSolution
		SolutionGuid = {F4939EC0-CBD6-4B78-9832-C2E1F4753F57}
	EndGlobalSection
EndGlobal
